# THIS IS A MACHINE-GENERATED FILE. DO NOT EDIT MANUALLY.

[solution]
[solution.context]
solved = true
[[solution.state]]
crate = "awt"
fulfilment = "linked"
pinned = false
transitivity = "direct"
versions = "^1.0.0"
[solution.state.link]
kind = "softlink"
path = "file:../../awt"
relative = true
remote = false
[[solution.state]]
crate = "json"
fulfilment = "solved"
pinned = false
transitivity = "indirect"
versions = "^4.0.1"
[solution.state.release]
authors = [
"onox",
]
description = "An Ada 2012 library for parsing JSON"
executables = [
"pretty_print",
]
licenses = "Apache-2.0"
maintainers = [
"onox <denkpadje@gmail.com>",
]
maintainers-logins = [
"onox",
]
name = "json"
project-files = [
"json.gpr",
"json_pretty_print.gpr",
]
tags = [
"json",
]
version = "4.0.1"
website = "https://github.com/onox/json-ada"
[solution.state.release.origin]
hashes = [
"sha512:60937e87a233ba1986849e838dc84010453dae5930c7dc2fa5fbd7f9c15e5b2c20e8014b9ddf5c08dbce4dfc06747d2744af2b81849636416464fc63cd56f597",
]
url = "https://github.com/onox/json-ada/releases/download/v4.0.1/json-4.0.1.tgz"
[[solution.state]]
crate = "libwayland"
fulfilment = "solved"
pinned = false
transitivity = "indirect"
versions = "^1.16"
[solution.state.release]
description = "Wayland libraries and protocol"
licenses = "MIT"
maintainers = [
"onox <denkpadje@gmail.com>",
]
maintainers-logins = [
"onox",
]
name = "libwayland"
notes = "Provided by system package: libwayland-dev"
tags = [
"wayland",
"client",
"egl",
"server",
"cursor",
]
version = "1.16.0"
website = "https://wayland.freedesktop.org"
[solution.state.release.origin]
url = "system:libwayland-dev"
[[solution.state]]
crate = "orka"
fulfilment = "linked"
pinned = false
transitivity = "direct"
versions = "~0.2.0"
[solution.state.link]
kind = "softlink"
path = "file:../orka"
relative = true
remote = false
[[solution.state]]
crate = "orka_egl"
fulfilment = "linked"
pinned = false
transitivity = "direct"
versions = "^1.0.0"
[solution.state.link]
kind = "softlink"
path = "file:../orka_egl"
relative = true
remote = false
[[solution.state]]
crate = "orka_plugin_gltf"
fulfilment = "linked"
pinned = false
transitivity = "direct"
versions = "^1.0.0"
[solution.state.link]
kind = "softlink"
path = "file:../orka_plugin_gltf"
relative = true
remote = false
[[solution.state]]
crate = "orka_simd"
fulfilment = "linked"
pinned = false
transitivity = "direct"
versions = "^1.0.0"
[solution.state.link]
kind = "softlink"
path = "file:../orka_simd"
relative = true
remote = false
[[solution.state]]
crate = "orka_transforms"
fulfilment = "linked"
pinned = false
transitivity = "direct"
versions = "^1.0.0"
[solution.state.link]
kind = "softlink"
path = "file:../orka_transforms"
relative = true
remote = false
[[solution.state]]
crate = "orka_types"
fulfilment = "linked"
pinned = false
transitivity = "direct"
versions = "^1.0.0"
[solution.state.link]
kind = "softlink"
path = "file:../orka_types"
relative = true
remote = false
[[solution.state]]
crate = "wayland_ada_scanner"
fulfilment = "linked"
pinned = false
transitivity = "direct"
versions = "^1.0.0"
[solution.state.link]
kind = "softlink"
path = "file:../../wayland-ada/wayland_ada_scanner"
relative = true
remote = false
[[solution.state]]
crate = "wayland_client_ada"
fulfilment = "linked"
pinned = false
transitivity = "direct"
versions = "^1.0.0"
[solution.state.link]
kind = "softlink"
path = "file:../../wayland-ada/wayland_client_ada"
relative = true
remote = false
[[solution.state]]
crate = "wayland_cursor_ada"
fulfilment = "linked"
pinned = false
transitivity = "direct"
versions = "^1.0.0"
[solution.state.link]
kind = "softlink"
path = "file:../../wayland-ada/wayland_cursor_ada"
relative = true
remote = false
[[solution.state]]
crate = "wayland_egl_ada"
fulfilment = "linked"
pinned = false
transitivity = "direct"
versions = "^1.0.0"
[solution.state.link]
kind = "softlink"
path = "file:../../wayland-ada/wayland_egl_ada"
relative = true
remote = false
[[solution.state]]
crate = "wayland_protocols_ada"
fulfilment = "linked"
pinned = false
transitivity = "direct"
versions = "^1.0.0"
[solution.state.link]
kind = "softlink"
path = "file:../../wayland-ada/wayland_protocols_ada"
relative = true
remote = false

