# THIS IS A MACHINE-GENERATED FILE. DO NOT EDIT MANUALLY.

[solution]
[solution.context]
solved = true
[[solution.state]]
crate = "aunit"
fulfilment = "solved"
pinned = false
transitivity = "direct"
versions = "^21.0.0"
[solution.state.release]
authors = [
"AdaCore",
]
description = "Ada unit test framework"
licenses = "GPL-3.0-only WITH GCC-exception-3.1"
maintainers = [
"chouteau@adacore.com",
]
maintainers-logins = [
"Fabien-Chouteau",
]
name = "aunit"
project-files = [
"lib/gnat/aunit.gpr",
]
tags = [
"unit",
"test",
"unit-test",
]
version = "21.0.0"
[solution.state.release.gpr-externals]
AUNIT_BUILD_MODE = [
"Devel",
"Install",
]
AUNIT_RUNTIME = [
"full",
"zfp",
"zfp-cross",
"ravenscar",
"ravenscar-cert",
"cert",
]
[solution.state.release.origin]
hashes = [
"sha512:d6561681375167650aa357b9263a9c810093be8fc4d3fabfd1811dffa81d2b84b7065812bd4ba5a86988b1dc30549e9d72a06c64c5c91646929b96cbec5d4fe8",
]
url = "https://github.com/AdaCore/aunit/archive/v21.0.0.zip"
[[solution.state]]
crate = "orka"
fulfilment = "linked"
pinned = false
transitivity = "direct"
versions = "~0.2.0"
[solution.state.link]
kind = "softlink"
path = "file:../orka"
relative = true
remote = false
[[solution.state]]
crate = "orka_egl"
fulfilment = "linked"
pinned = false
transitivity = "direct"
versions = "^1.0.0"
[solution.state.link]
kind = "softlink"
path = "file:../orka_egl"
relative = true
remote = false
[[solution.state]]
crate = "orka_simd"
fulfilment = "linked"
pinned = false
transitivity = "direct"
versions = "^1.0.0"
[solution.state.link]
kind = "softlink"
path = "file:../orka_simd"
relative = true
remote = false
[[solution.state]]
crate = "orka_transforms"
fulfilment = "linked"
pinned = false
transitivity = "direct"
versions = "^1.0.0"
[solution.state.link]
kind = "softlink"
path = "file:../orka_transforms"
relative = true
remote = false
[[solution.state]]
crate = "orka_types"
fulfilment = "linked"
pinned = false
transitivity = "direct"
versions = "^1.0.0"
[solution.state.link]
kind = "softlink"
path = "file:../orka_types"
relative = true
remote = false

