# THIS IS A MACHINE-GENERATED FILE. DO NOT EDIT MANUALLY.

[solution]
[solution.context]
solved = true
[[solution.state]]
crate = "gnat"
fulfilment = "solved"
pinned = false
transitivity = "indirect"
versions = "/=2020"
[solution.state.release]
description = "GNAT is a compiler for the Ada programming language"
maintainers = [
"alejandro@mosteo.com",
]
maintainers-logins = [
"mosteo",
]
name = "gnat"
notes = "Detected at /usr/bin/gnat"
version = "7.5.0"
[solution.state.release.origin]
url = "external:path /usr/bin/gnat"
[[solution.state]]
crate = "libsdl2"
fulfilment = "solved"
pinned = false
transitivity = "indirect"
versions = "^2.0"
[solution.state.release]
description = "Simple DirectMedia Layer development files"
maintainers = [
"alejandro@mosteo.com",
]
maintainers-logins = [
"mosteo",
]
name = "libsdl2"
notes = "Provided by system package: libsdl2-dev"
version = "2.0.8"
[solution.state.release.origin]
url = "system:libsdl2-dev"
[[solution.state]]
crate = "libsdl2_image"
fulfilment = "solved"
pinned = false
transitivity = "indirect"
versions = "^2.0"
[solution.state.release]
description = "Simple DirectMedia Layer development files - Image"
maintainers = [
"alejandro@mosteo.com",
]
maintainers-logins = [
"mosteo",
]
name = "libsdl2_image"
notes = "Provided by system package: libsdl2-image-dev"
version = "2.0.3"
[solution.state.release.origin]
url = "system:libsdl2-image-dev"
[[solution.state]]
crate = "libsdl2_ttf"
fulfilment = "solved"
pinned = false
transitivity = "indirect"
versions = "^2.0"
[solution.state.release]
description = "Simple DirectMedia Layer development files - TTF"
maintainers = [
"alejandro@mosteo.com",
]
maintainers-logins = [
"mosteo",
]
name = "libsdl2_ttf"
notes = "Provided by system package: libsdl2-ttf-dev"
version = "2.0.14"
[solution.state.release.origin]
url = "system:libsdl2-ttf-dev"
[[solution.state]]
crate = "sdlada"
fulfilment = "solved"
pinned = false
transitivity = "direct"
versions = "^2.3.1"
[solution.state.release]
authors = [
"Luke A. Guest",
]
description = "Ada 2012 bindings to SDL 2"
licenses = "Zlib"
maintainers = [
"alejandro@mosteo.com",
]
maintainers-logins = [
"mosteo",
]
name = "sdlada"
project-files = [
"build/gnat/sdlada.gpr",
]
version = "2.3.1"
[solution.state.release.gpr-externals]
SDL_MODE = [
"debug",
"release",
]
SDL_PLATFORM = [
"linux",
"bsd",
"windows",
"macosx",
"ios",
"android",
]
[solution.state.release.gpr-set-externals]
SDL_MODE = "release"
SDL_PLATFORM = "linux"
[solution.state.release.origin]
hashes = [
"sha512:786a047fd74f5105eef9d8b3f1ad082b915339cf9da4a2c32f7789dc12005acb2999301e616a67ec0b2a4c084586e812f8d6343dbd33d8bd165ba58a94db16e3",
]
url = "https://github.com/Lucretia/sdlada/archive/v2.3.1.tar.gz"
[[solution.state.release.actions]]
command = [
"make",
"-C",
"build/gnat",
"SDL_PLATFORM=linux",
"SDL_MODE=release",
]
directory = "."
type = "post-fetch"
[[solution.state.release.depends-on]]
gnat = "/=2020"
libsdl2 = "^2.0"
libsdl2_image = "^2.0"
libsdl2_ttf = "^2.0"

[[solution.state]]
crate = "orka"
fulfilment = "linked"
pinned = false
transitivity = "direct"
versions = "~0.2.0"
[solution.state.link]
kind = "softlink"
path = "file:../orka"
