# THIS IS A MACHINE-GENERATED FILE. DO NOT EDIT MANUALLY.

[solution]
[solution.context]
solved = true
[[solution.state]]
crate = "orka_egl"
fulfilment = "linked"
pinned = false
transitivity = "direct"
versions = "^1.0.0"
[solution.state.link]
kind = "softlink"
path = "file:../orka_egl"
[[solution.state]]
crate = "orka_simd"
fulfilment = "linked"
pinned = false
transitivity = "direct"
versions = "^1.0.0"
[solution.state.link]
kind = "softlink"
path = "file:../orka_simd"
[[solution.state]]
crate = "orka_transforms"
fulfilment = "linked"
pinned = false
transitivity = "direct"
versions = "^1.0.0"
[solution.state.link]
kind = "softlink"
path = "file:../orka_transforms"
[[solution.state]]
crate = "orka_types"
fulfilment = "linked"
pinned = false
transitivity = "direct"
versions = "^1.0.0"
[solution.state.link]
kind = "softlink"
path = "file:../orka_types"

