# THIS IS A MACHINE-GENERATED FILE. DO NOT EDIT MANUALLY.

[solution]
[solution.context]
solved = true
[[solution.state]]
crate = "orka_simd"
fulfilment = "missed"
pinned = false
transitivity = "indirect"
versions = "^1.0.0"
[[solution.state]]
crate = "orka_transforms"
fulfilment = "linked"
pinned = false
transitivity = "direct"
versions = "*"
[solution.state.link]
kind = "softlink"
path = "file:../orka_transforms"

