# THIS IS A MACHINE-GENERATED FILE. DO NOT EDIT MANUALLY.

[solution]
[solution.context]
solved = true
[[solution.state]]
crate = "dcf"
fulfilment = "solved"
pinned = false
transitivity = "direct"
versions = "^2.0.2"
[solution.state.release]
authors = [
"onox",
"Gautier de Montmollin",
]
description = "Ada 2012 library for document container files, a Zip-based format"
licenses = "MIT"
long-description = "An Ada 2012 library for document container files, a Zip-based archive format standardized in ISO/IEC 21320-1:2015"
maintainers = [
"onox <denkpadje@gmail.com>",
]
maintainers-logins = [
"onox",
]
name = "dcf"
tags = [
"zip",
"document",
"container",
]
version = "2.0.2"
website = "https://github.com/onox/dcf-ada"
[solution.state.release.origin]
hashes = [
"sha512:9ba2652fb7ac8b2768a8c3f9b56a0f643572411f56c29b1bed3f426042750657d3edfe5fc203176f9a3a6ef1e4c82a6b883c102f5f810209afdccb303d48258f",
]
url = "https://github.com/onox/dcf-ada/releases/download/v2.0.2/dcf-2.0.2.tgz"
[[solution.state]]
crate = "orka"
fulfilment = "linked"
pinned = false
transitivity = "direct"
versions = "~0.2.0"
[solution.state.link]
kind = "softlink"
path = "file:../orka"
