# THIS IS A MACHINE-GENERATED FILE. DO NOT EDIT MANUALLY.

[solution]
[solution.context]
solved = true
[[solution.state]]
crate = "json"
fulfilment = "solved"
pinned = false
transitivity = "direct"
versions = "^5.0.0"
[solution.state.release]
authors = [
"onox",
]
description = "An Ada 2012 library for parsing JSON"
executables = [
"pretty_print",
]
licenses = "Apache-2.0"
maintainers = [
"onox <denkpadje@gmail.com>",
]
maintainers-logins = [
"onox",
]
name = "json"
project-files = [
"json.gpr",
"json_pretty_print.gpr",
]
tags = [
"json",
]
version = "5.0.0"
website = "https://github.com/onox/json-ada"
[solution.state.release.origin]
hashes = [
"sha512:436f59e833f62cc2e9e906ad9db0b424d1b3b11f45c486d86d1dc32edfddd445a8a68d72e03306f3851276df3014bef064c0a5811c2cb65fdb6b770e96e490ae",
]
url = "https://github.com/onox/json-ada/releases/download/v5.0.0/json-5.0.0.tgz"
[[solution.state]]
crate = "orka"
fulfilment = "linked"
pinned = false
transitivity = "direct"
versions = "~0.2.0"
[solution.state.link]
lockfiled = true
path = "../orka"
[[solution.state]]
crate = "orka_egl"
fulfilment = "linked"
pinned = false
transitivity = "direct"
versions = "^1.0.0"
[solution.state.link]
lockfiled = true
path = "../orka_egl"
[[solution.state]]
crate = "orka_simd"
fulfilment = "linked"
pinned = false
transitivity = "direct"
versions = "^1.0.0"
[solution.state.link]
lockfiled = true
path = "../orka_simd"
[[solution.state]]
crate = "orka_transforms"
fulfilment = "linked"
pinned = false
transitivity = "direct"
versions = "^1.0.0"
[solution.state.link]
lockfiled = true
path = "../orka_transforms"
[[solution.state]]
crate = "orka_types"
fulfilment = "linked"
pinned = false
transitivity = "direct"
versions = "^1.0.0"
[solution.state.link]
lockfiled = true
path = "../orka_types"

